{
  "name": "youtuberland-3",
  "lockfileVersion": 2,
  "requires": true,
  "packages": {
    "": {
      "dependencies": {
        "sweetalert2": "^11.6.10"
      }
    },
    "node_modules/sweetalert2": {
      "version": "11.6.10",
      "resolved": "https://registry.npmjs.org/sweetalert2/-/sweetalert2-11.6.10.tgz",
      "integrity": "sha512-/tzEmEYqqHVkO6iMfvCFcmaO78un93CdZIhB+DGj9BLMkcuXS8jo2bmYoxjEAryhxsKPqXiWmZNo3gw/qw/ZwQ==",
      "funding": {
        "type": "individual",
        "url": "https://github.com/sponsors/limonte"
      }
    }
  },
    "sweetalert2": {
      "version": "11.6.10",
      "resolved": "https://registry.npmjs.org/sweetalert2/-/sweetalert2-11.6.10.tgz",
      "integrity": "sha512-/tzEmEYqqHVkO6iMfvCFcmaO78un93CdZIhB+DGj9BLMkcuXS8jo2bmYoxjEAryhxsKPqXiWmZNo3gw/qw/ZwQ=="
    }
  }
